
Microsoft Visual Studio Solution File, Format Version 12.00
# Visual Studio Version 17
VisualStudioVersion = 17.0.31903.59
MinimumVisualStudioVersion = 10.0.40219.1
Project("{FAE04EC0-301F-11D3-BF4B-00C04F79EFBC}") = "Lab2", "Lab2\Lab2.csproj", "{304B5017-B721-4C5C-875D-5FB09E009326}"
EndProject
Project("{FAE04EC0-301F-11D3-BF4B-00C04F79EFBC}") = "Lab3", "Lab3\Lab3.csproj", "{40D1B6A6-9717-4392-BE70-241DA68DA8C6}"
EndProject
Global
	GlobalSection(SolutionConfigurationPlatforms) = preSolution
		Debug|Any CPU = Debug|Any CPU
		Release|Any CPU = Release|Any CPU
	EndGlobalSection
	GlobalSection(SolutionProperties) = preSolution
		HideSolutionNode = FALSE
	EndGlobalSection
	GlobalSection(ProjectConfigurationPlatforms) = postSolution
		{304B5017-B721-4C5C-875D-5FB09E009326}.Debug|Any CPU.ActiveCfg = Debug|Any CPU
		{304B5017-B721-4C5C-875D-5FB09E009326}.Debug|Any CPU.Build.0 = Debug|Any CPU
		{304B5017-B721-4C5C-875D-5FB09E009326}.Release|Any CPU.ActiveCfg = Release|Any CPU
		{304B5017-B721-4C5C-875D-5FB09E009326}.Release|Any CPU.Build.0 = Release|Any CPU
		{40D1B6A6-9717-4392-BE70-241DA68DA8C6}.Debug|Any CPU.ActiveCfg = Debug|Any CPU
		{40D1B6A6-9717-4392-BE70-241DA68DA8C6}.Debug|Any CPU.Build.0 = Debug|Any CPU
		{40D1B6A6-9717-4392-BE70-241DA68DA8C6}.Release|Any CPU.ActiveCfg = Release|Any CPU
		{40D1B6A6-9717-4392-BE70-241DA68DA8C6}.Release|Any CPU.Build.0 = Release|Any CPU
	EndGlobalSection
EndGlobal
